// !$*UTF8*$!
{
	archiveVersion = 1;
	classes = {
	};
	objectVersion = 46;
	objects = {

/* Begin PBXBuildFile section */
		23282D65205DB95600540193 /* IGVimeoExtractor.framework in Frameworks */ = {isa = PBXBuildFile; fileRef = 23282D5E205DB95600540193 /* IGVimeoExtractor.framework */; };
		23282D66205DB95600540193 /* IGVimeoExtractor.framework in Embed Frameworks */ = {isa = PBXBuildFile; fileRef = 23282D5E205DB95600540193 /* IGVimeoExtractor.framework */; settings = {ATTRIBUTES = (CodeSignOnCopy, RemoveHeadersOnCopy, ); }; };
		23282D6B205DB96800540193 /* IGVimeoExtractor.h in Headers */ = {isa = PBXBuildFile; fileRef = 54189DCC19D06C88008900CE /* IGVimeoExtractor.h */; settings = {ATTRIBUTES = (Public, ); }; };
		23282D6C205DB96A00540193 /* IGVimeoExtractor.m in Sources */ = {isa = PBXBuildFile; fileRef = 54189DCD19D06C88008900CE /* IGVimeoExtractor.m */; };
		54189DCE19D06C88008900CE /* IGVimeoExtractor.m in Sources */ = {isa = PBXBuildFile; fileRef = 54189DCD19D06C88008900CE /* IGVimeoExtractor.m */; };
		54189DCF19D06C88008900CE /* IGVimeoExtractor.m in Sources */ = {isa = PBXBuildFile; fileRef = 54189DCD19D06C88008900CE /* IGVimeoExtractor.m */; };
		542833AA19CBE387009F8BF9 /* AppDelegate.m in Sources */ = {isa = PBXBuildFile; fileRef = 542833A919CBE387009F8BF9 /* AppDelegate.m */; };
		542833AC19CBE387009F8BF9 /* main.m in Sources */ = {isa = PBXBuildFile; fileRef = 542833AB19CBE387009F8BF9 /* main.m */; };
		542833AE19CBE387009F8BF9 /* Images.xcassets in Resources */ = {isa = PBXBuildFile; fileRef = 542833AD19CBE387009F8BF9 /* Images.xcassets */; };
		542833B119CBE387009F8BF9 /* MainMenu.xib in Resources */ = {isa = PBXBuildFile; fileRef = 542833AF19CBE387009F8BF9 /* MainMenu.xib */; };
		54E825DA1C16A821006B284E /* IGVimeoExtractorTests.m in Sources */ = {isa = PBXBuildFile; fileRef = 54E825D91C16A821006B284E /* IGVimeoExtractorTests.m */; };
		54E825DB1C16A85A006B284E /* IGVimeoExtractor.m in Sources */ = {isa = PBXBuildFile; fileRef = 54189DCD19D06C88008900CE /* IGVimeoExtractor.m */; };
		BF7E5C0716D26B8300712F0D /* UIKit.framework in Frameworks */ = {isa = PBXBuildFile; fileRef = BF7E5C0616D26B8300712F0D /* UIKit.framework */; };
		BF7E5C0916D26B8300712F0D /* Foundation.framework in Frameworks */ = {isa = PBXBuildFile; fileRef = BF7E5C0816D26B8300712F0D /* Foundation.framework */; };
		BF7E5C0B16D26B8300712F0D /* CoreGraphics.framework in Frameworks */ = {isa = PBXBuildFile; fileRef = BF7E5C0A16D26B8300712F0D /* CoreGraphics.framework */; };
		BF7E5C1116D26B8300712F0D /* InfoPlist.strings in Resources */ = {isa = PBXBuildFile; fileRef = BF7E5C0F16D26B8300712F0D /* InfoPlist.strings */; };
		BF7E5C1316D26B8300712F0D /* main.m in Sources */ = {isa = PBXBuildFile; fileRef = BF7E5C1216D26B8300712F0D /* main.m */; };
		BF7E5C1716D26B8300712F0D /* AppDelegate.m in Sources */ = {isa = PBXBuildFile; fileRef = BF7E5C1616D26B8300712F0D /* AppDelegate.m */; };
		BF7E5C1916D26B8300712F0D /* Default.png in Resources */ = {isa = PBXBuildFile; fileRef = BF7E5C1816D26B8300712F0D /* Default.png */; };
		BF7E5C1B16D26B8300712F0D /* Default@2x.png in Resources */ = {isa = PBXBuildFile; fileRef = BF7E5C1A16D26B8300712F0D /* Default@2x.png */; };
		BF7E5C1D16D26B8300712F0D /* Default-568h@2x.png in Resources */ = {isa = PBXBuildFile; fileRef = BF7E5C1C16D26B8300712F0D /* Default-568h@2x.png */; };
		BF7E5C2016D26B8300712F0D /* MainStoryboard_iPhone.storyboard in Resources */ = {isa = PBXBuildFile; fileRef = BF7E5C1E16D26B8300712F0D /* MainStoryboard_iPhone.storyboard */; };
		BF7E5C2316D26B8300712F0D /* MainStoryboard_iPad.storyboard in Resources */ = {isa = PBXBuildFile; fileRef = BF7E5C2116D26B8300712F0D /* MainStoryboard_iPad.storyboard */; };
		BF7E5C2616D26B8300712F0D /* ViewController.m in Sources */ = {isa = PBXBuildFile; fileRef = BF7E5C2516D26B8300712F0D /* ViewController.m */; };
		BFA9544916D2D004000BB6D1 /* MediaPlayer.framework in Frameworks */ = {isa = PBXBuildFile; fileRef = BFA9544816D2D004000BB6D1 /* MediaPlayer.framework */; };
/* End PBXBuildFile section */

/* Begin PBXContainerItemProxy section */
		23282D63205DB95600540193 /* PBXContainerItemProxy */ = {
			isa = PBXContainerItemProxy;
			containerPortal = BF7E5BFB16D26B8300712F0D /* Project object */;
			proxyType = 1;
			remoteGlobalIDString = 23282D5D205DB95600540193;
			remoteInfo = IGVimeoExtractor;
		};
		54E825D41C16A808006B284E /* PBXContainerItemProxy */ = {
			isa = PBXContainerItemProxy;
			containerPortal = BF7E5BFB16D26B8300712F0D /* Project object */;
			proxyType = 1;
			remoteGlobalIDString = BF7E5C0216D26B8300712F0D;
			remoteInfo = Sample;
		};
/* End PBXContainerItemProxy section */

/* Begin PBXCopyFilesBuildPhase section */
		23282D6A205DB95600540193 /* Embed Frameworks */ = {
			isa = PBXCopyFilesBuildPhase;
			buildActionMask = 2147483647;
			dstPath = "";
			dstSubfolderSpec = 10;
			files = (
				23282D66205DB95600540193 /* IGVimeoExtractor.framework in Embed Frameworks */,
			);
			name = "Embed Frameworks";
			runOnlyForDeploymentPostprocessing = 0;
		};
/* End PBXCopyFilesBuildPhase section */

/* Begin PBXFileReference section */
		23282D5E205DB95600540193 /* IGVimeoExtractor.framework */ = {isa = PBXFileReference; explicitFileType = wrapper.framework; includeInIndex = 0; path = IGVimeoExtractor.framework; sourceTree = BUILT_PRODUCTS_DIR; };
		23282D60205DB95600540193 /* IGVimeoExtractor.h */ = {isa = PBXFileReference; lastKnownFileType = sourcecode.c.h; path = IGVimeoExtractor.h; sourceTree = "<group>"; };
		23282D61205DB95600540193 /* Info.plist */ = {isa = PBXFileReference; lastKnownFileType = text.plist.xml; path = Info.plist; sourceTree = "<group>"; };
		54189DCC19D06C88008900CE /* IGVimeoExtractor.h */ = {isa = PBXFileReference; fileEncoding = 4; lastKnownFileType = sourcecode.c.h; name = IGVimeoExtractor.h; path = ../IGVimeoExtractor/IGVimeoExtractor.h; sourceTree = "<group>"; };
		54189DCD19D06C88008900CE /* IGVimeoExtractor.m */ = {isa = PBXFileReference; fileEncoding = 4; lastKnownFileType = sourcecode.c.objc; name = IGVimeoExtractor.m; path = ../IGVimeoExtractor/IGVimeoExtractor.m; sourceTree = "<group>"; };
		542833A419CBE387009F8BF9 /* SampleMac.app */ = {isa = PBXFileReference; explicitFileType = wrapper.application; includeInIndex = 0; path = SampleMac.app; sourceTree = BUILT_PRODUCTS_DIR; };
		542833A719CBE387009F8BF9 /* Info.plist */ = {isa = PBXFileReference; lastKnownFileType = text.plist.xml; path = Info.plist; sourceTree = "<group>"; };
		542833A819CBE387009F8BF9 /* AppDelegate.h */ = {isa = PBXFileReference; lastKnownFileType = sourcecode.c.h; path = AppDelegate.h; sourceTree = "<group>"; };
		542833A919CBE387009F8BF9 /* AppDelegate.m */ = {isa = PBXFileReference; lastKnownFileType = sourcecode.c.objc; path = AppDelegate.m; sourceTree = "<group>"; };
		542833AB19CBE387009F8BF9 /* main.m */ = {isa = PBXFileReference; lastKnownFileType = sourcecode.c.objc; path = main.m; sourceTree = "<group>"; };
		542833AD19CBE387009F8BF9 /* Images.xcassets */ = {isa = PBXFileReference; lastKnownFileType = folder.assetcatalog; path = Images.xcassets; sourceTree = "<group>"; };
		542833B019CBE387009F8BF9 /* Base */ = {isa = PBXFileReference; lastKnownFileType = file.xib; name = Base; path = Base.lproj/MainMenu.xib; sourceTree = "<group>"; };
		54E825CF1C16A808006B284E /* SampleTests.xctest */ = {isa = PBXFileReference; explicitFileType = wrapper.cfbundle; includeInIndex = 0; path = SampleTests.xctest; sourceTree = BUILT_PRODUCTS_DIR; };
		54E825D31C16A808006B284E /* Info.plist */ = {isa = PBXFileReference; lastKnownFileType = text.plist.xml; path = Info.plist; sourceTree = "<group>"; };
		54E825D91C16A821006B284E /* IGVimeoExtractorTests.m */ = {isa = PBXFileReference; fileEncoding = 4; lastKnownFileType = sourcecode.c.objc; path = IGVimeoExtractorTests.m; sourceTree = "<group>"; };
		BF7E5C0316D26B8300712F0D /* Sample.app */ = {isa = PBXFileReference; explicitFileType = wrapper.application; includeInIndex = 0; path = Sample.app; sourceTree = BUILT_PRODUCTS_DIR; };
		BF7E5C0616D26B8300712F0D /* UIKit.framework */ = {isa = PBXFileReference; lastKnownFileType = wrapper.framework; name = UIKit.framework; path = System/Library/Frameworks/UIKit.framework; sourceTree = SDKROOT; };
		BF7E5C0816D26B8300712F0D /* Foundation.framework */ = {isa = PBXFileReference; lastKnownFileType = wrapper.framework; name = Foundation.framework; path = System/Library/Frameworks/Foundation.framework; sourceTree = SDKROOT; };
		BF7E5C0A16D26B8300712F0D /* CoreGraphics.framework */ = {isa = PBXFileReference; lastKnownFileType = wrapper.framework; name = CoreGraphics.framework; path = System/Library/Frameworks/CoreGraphics.framework; sourceTree = SDKROOT; };
		BF7E5C0E16D26B8300712F0D /* Sample-Info.plist */ = {isa = PBXFileReference; lastKnownFileType = text.plist.xml; path = "Sample-Info.plist"; sourceTree = "<group>"; };
		BF7E5C1016D26B8300712F0D /* en */ = {isa = PBXFileReference; lastKnownFileType = text.plist.strings; name = en; path = en.lproj/InfoPlist.strings; sourceTree = "<group>"; };
		BF7E5C1216D26B8300712F0D /* main.m */ = {isa = PBXFileReference; lastKnownFileType = sourcecode.c.objc; path = main.m; sourceTree = "<group>"; };
		BF7E5C1416D26B8300712F0D /* Sample-Prefix.pch */ = {isa = PBXFileReference; lastKnownFileType = sourcecode.c.h; path = "Sample-Prefix.pch"; sourceTree = "<group>"; };
		BF7E5C1516D26B8300712F0D /* AppDelegate.h */ = {isa = PBXFileReference; lastKnownFileType = sourcecode.c.h; path = AppDelegate.h; sourceTree = "<group>"; };
		BF7E5C1616D26B8300712F0D /* AppDelegate.m */ = {isa = PBXFileReference; lastKnownFileType = sourcecode.c.objc; path = AppDelegate.m; sourceTree = "<group>"; };
		BF7E5C1816D26B8300712F0D /* Default.png */ = {isa = PBXFileReference; lastKnownFileType = image.png; path = Default.png; sourceTree = "<group>"; };
		BF7E5C1A16D26B8300712F0D /* Default@2x.png */ = {isa = PBXFileReference; lastKnownFileType = image.png; path = "Default@2x.png"; sourceTree = "<group>"; };
		BF7E5C1C16D26B8300712F0D /* Default-568h@2x.png */ = {isa = PBXFileReference; lastKnownFileType = image.png; path = "Default-568h@2x.png"; sourceTree = "<group>"; };
		BF7E5C1F16D26B8300712F0D /* en */ = {isa = PBXFileReference; lastKnownFileType = file.storyboard; name = en; path = en.lproj/MainStoryboard_iPhone.storyboard; sourceTree = "<group>"; };
		BF7E5C2216D26B8300712F0D /* en */ = {isa = PBXFileReference; lastKnownFileType = file.storyboard; name = en; path = en.lproj/MainStoryboard_iPad.storyboard; sourceTree = "<group>"; };
		BF7E5C2416D26B8300712F0D /* ViewController.h */ = {isa = PBXFileReference; lastKnownFileType = sourcecode.c.h; path = ViewController.h; sourceTree = "<group>"; };
		BF7E5C2516D26B8300712F0D /* ViewController.m */ = {isa = PBXFileReference; lastKnownFileType = sourcecode.c.objc; path = ViewController.m; sourceTree = "<group>"; };
		BFA9544816D2D004000BB6D1 /* MediaPlayer.framework */ = {isa = PBXFileReference; lastKnownFileType = wrapper.framework; name = MediaPlayer.framework; path = System/Library/Frameworks/MediaPlayer.framework; sourceTree = SDKROOT; };
/* End PBXFileReference section */

/* Begin PBXFrameworksBuildPhase section */
		23282D5A205DB95600540193 /* Frameworks */ = {
			isa = PBXFrameworksBuildPhase;
			buildActionMask = 2147483647;
			files = (
			);
			runOnlyForDeploymentPostprocessing = 0;
		};
		542833A119CBE387009F8BF9 /* Frameworks */ = {
			isa = PBXFrameworksBuildPhase;
			buildActionMask = 2147483647;
			files = (
			);
			runOnlyForDeploymentPostprocessing = 0;
		};
		54E825CC1C16A808006B284E /* Frameworks */ = {
			isa = PBXFrameworksBuildPhase;
			buildActionMask = 2147483647;
			files = (
			);
			runOnlyForDeploymentPostprocessing = 0;
		};
		BF7E5C0016D26B8300712F0D /* Frameworks */ = {
			isa = PBXFrameworksBuildPhase;
			buildActionMask = 2147483647;
			files = (
				23282D65205DB95600540193 /* IGVimeoExtractor.framework in Frameworks */,
				BFA9544916D2D004000BB6D1 /* MediaPlayer.framework in Frameworks */,
				BF7E5C0716D26B8300712F0D /* UIKit.framework in Frameworks */,
				BF7E5C0916D26B8300712F0D /* Foundation.framework in Frameworks */,
				BF7E5C0B16D26B8300712F0D /* CoreGraphics.framework in Frameworks */,
			);
			runOnlyForDeploymentPostprocessing = 0;
		};
/* End PBXFrameworksBuildPhase section */

/* Begin PBXGroup section */
		23282D5F205DB95600540193 /* IGVimeoExtractor */ = {
			isa = PBXGroup;
			children = (
				23282D60205DB95600540193 /* IGVimeoExtractor.h */,
				23282D61205DB95600540193 /* Info.plist */,
			);
			path = IGVimeoExtractor;
			sourceTree = "<group>";
		};
		542833A519CBE387009F8BF9 /* SampleMac */ = {
			isa = PBXGroup;
			children = (
				542833A819CBE387009F8BF9 /* AppDelegate.h */,
				542833A919CBE387009F8BF9 /* AppDelegate.m */,
				542833AD19CBE387009F8BF9 /* Images.xcassets */,
				542833AF19CBE387009F8BF9 /* MainMenu.xib */,
				542833A619CBE387009F8BF9 /* Supporting Files */,
			);
			path = SampleMac;
			sourceTree = "<group>";
		};
		542833A619CBE387009F8BF9 /* Supporting Files */ = {
			isa = PBXGroup;
			children = (
				542833A719CBE387009F8BF9 /* Info.plist */,
				542833AB19CBE387009F8BF9 /* main.m */,
			);
			name = "Supporting Files";
			sourceTree = "<group>";
		};
		54E825D01C16A808006B284E /* SampleTests */ = {
			isa = PBXGroup;
			children = (
				54E825D91C16A821006B284E /* IGVimeoExtractorTests.m */,
				54E825D31C16A808006B284E /* Info.plist */,
			);
			path = SampleTests;
			sourceTree = "<group>";
		};
		BF7E5BFA16D26B8300712F0D = {
			isa = PBXGroup;
			children = (
				BF7E5C2C16D26B9F00712F0D /* IGVimeoExtractor */,
				BF7E5C0C16D26B8300712F0D /* Sample */,
				542833A519CBE387009F8BF9 /* SampleMac */,
				54E825D01C16A808006B284E /* SampleTests */,
				23282D5F205DB95600540193 /* IGVimeoExtractor */,
				BF7E5C0516D26B8300712F0D /* Frameworks */,
				BF7E5C0416D26B8300712F0D /* Products */,
			);
			sourceTree = "<group>";
		};
		BF7E5C0416D26B8300712F0D /* Products */ = {
			isa = PBXGroup;
			children = (
				BF7E5C0316D26B8300712F0D /* Sample.app */,
				542833A419CBE387009F8BF9 /* SampleMac.app */,
				54E825CF1C16A808006B284E /* SampleTests.xctest */,
				23282D5E205DB95600540193 /* IGVimeoExtractor.framework */,
			);
			name = Products;
			sourceTree = "<group>";
		};
		BF7E5C0516D26B8300712F0D /* Frameworks */ = {
			isa = PBXGroup;
			children = (
				BFA9544816D2D004000BB6D1 /* MediaPlayer.framework */,
				BF7E5C0616D26B8300712F0D /* UIKit.framework */,
				BF7E5C0816D26B8300712F0D /* Foundation.framework */,
				BF7E5C0A16D26B8300712F0D /* CoreGraphics.framework */,
			);
			name = Frameworks;
			sourceTree = "<group>";
		};
		BF7E5C0C16D26B8300712F0D /* Sample */ = {
			isa = PBXGroup;
			children = (
				BF7E5C1516D26B8300712F0D /* AppDelegate.h */,
				BF7E5C1616D26B8300712F0D /* AppDelegate.m */,
				BF7E5C1E16D26B8300712F0D /* MainStoryboard_iPhone.storyboard */,
				BF7E5C2116D26B8300712F0D /* MainStoryboard_iPad.storyboard */,
				BF7E5C2416D26B8300712F0D /* ViewController.h */,
				BF7E5C2516D26B8300712F0D /* ViewController.m */,
				BF7E5C0D16D26B8300712F0D /* Supporting Files */,
			);
			path = Sample;
			sourceTree = "<group>";
		};
		BF7E5C0D16D26B8300712F0D /* Supporting Files */ = {
			isa = PBXGroup;
			children = (
				BF7E5C0E16D26B8300712F0D /* Sample-Info.plist */,
				BF7E5C0F16D26B8300712F0D /* InfoPlist.strings */,
				BF7E5C1216D26B8300712F0D /* main.m */,
				BF7E5C1416D26B8300712F0D /* Sample-Prefix.pch */,
				BF7E5C1816D26B8300712F0D /* Default.png */,
				BF7E5C1A16D26B8300712F0D /* Default@2x.png */,
				BF7E5C1C16D26B8300712F0D /* Default-568h@2x.png */,
			);
			name = "Supporting Files";
			sourceTree = "<group>";
		};
		BF7E5C2C16D26B9F00712F0D /* IGVimeoExtractor */ = {
			isa = PBXGroup;
			children = (
				54189DCC19D06C88008900CE /* IGVimeoExtractor.h */,
				54189DCD19D06C88008900CE /* IGVimeoExtractor.m */,
			);
			name = IGVimeoExtractor;
			path = ../YTVimeoExtractor;
			sourceTree = "<group>";
		};
/* End PBXGroup section */

/* Begin PBXHeadersBuildPhase section */
		23282D5B205DB95600540193 /* Headers */ = {
			isa = PBXHeadersBuildPhase;
			buildActionMask = 2147483647;
			files = (
				23282D6B205DB96800540193 /* IGVimeoExtractor.h in Headers */,
			);
			runOnlyForDeploymentPostprocessing = 0;
		};
/* End PBXHeadersBuildPhase section */

/* Begin PBXNativeTarget section */
		23282D5D205DB95600540193 /* IGVimeoExtractor */ = {
			isa = PBXNativeTarget;
			buildConfigurationList = 23282D69205DB95600540193 /* Build configuration list for PBXNativeTarget "IGVimeoExtractor" */;
			buildPhases = (
				23282D59205DB95600540193 /* Sources */,
				23282D5A205DB95600540193 /* Frameworks */,
				23282D5B205DB95600540193 /* Headers */,
				23282D5C205DB95600540193 /* Resources */,
			);
			buildRules = (
			);
			dependencies = (
			);
			name = IGVimeoExtractor;
			productName = IGVimeoExtractor;
			productReference = 23282D5E205DB95600540193 /* IGVimeoExtractor.framework */;
			productType = "com.apple.product-type.framework";
		};
		542833A319CBE387009F8BF9 /* SampleMac */ = {
			isa = PBXNativeTarget;
			buildConfigurationList = 542833C219CBE387009F8BF9 /* Build configuration list for PBXNativeTarget "SampleMac" */;
			buildPhases = (
				542833A019CBE387009F8BF9 /* Sources */,
				542833A119CBE387009F8BF9 /* Frameworks */,
				542833A219CBE387009F8BF9 /* Resources */,
			);
			buildRules = (
			);
			dependencies = (
			);
			name = SampleMac;
			productName = SampleMac;
			productReference = 542833A419CBE387009F8BF9 /* SampleMac.app */;
			productType = "com.apple.product-type.application";
		};
		54E825CE1C16A808006B284E /* SampleTests */ = {
			isa = PBXNativeTarget;
			buildConfigurationList = 54E825D61C16A808006B284E /* Build configuration list for PBXNativeTarget "SampleTests" */;
			buildPhases = (
				54E825CB1C16A808006B284E /* Sources */,
				54E825CC1C16A808006B284E /* Frameworks */,
				54E825CD1C16A808006B284E /* Resources */,
			);
			buildRules = (
			);
			dependencies = (
				54E825D51C16A808006B284E /* PBXTargetDependency */,
			);
			name = SampleTests;
			productName = SampleTests;
			productReference = 54E825CF1C16A808006B284E /* SampleTests.xctest */;
			productType = "com.apple.product-type.bundle.unit-test";
		};
		BF7E5C0216D26B8300712F0D /* Sample */ = {
			isa = PBXNativeTarget;
			buildConfigurationList = BF7E5C2916D26B8300712F0D /* Build configuration list for PBXNativeTarget "Sample" */;
			buildPhases = (
				BF7E5BFF16D26B8300712F0D /* Sources */,
				BF7E5C0016D26B8300712F0D /* Frameworks */,
				BF7E5C0116D26B8300712F0D /* Resources */,
				23282D6A205DB95600540193 /* Embed Frameworks */,
			);
			buildRules = (
			);
			dependencies = (
				23282D64205DB95600540193 /* PBXTargetDependency */,
			);
			name = Sample;
			productName = Sample;
			productReference = BF7E5C0316D26B8300712F0D /* Sample.app */;
			productType = "com.apple.product-type.application";
		};
/* End PBXNativeTarget section */

/* Begin PBXProject section */
		BF7E5BFB16D26B8300712F0D /* Project object */ = {
			isa = PBXProject;
			attributes = {
				LastSwiftUpdateCheck = 0710;
				LastUpgradeCheck = 0460;
				ORGANIZATIONNAME = "Louis Larpin";
				TargetAttributes = {
					23282D5D205DB95600540193 = {
						CreatedOnToolsVersion = 9.2;
						ProvisioningStyle = Automatic;
					};
					542833A319CBE387009F8BF9 = {
						CreatedOnToolsVersion = 6.1;
					};
					54E825CE1C16A808006B284E = {
						CreatedOnToolsVersion = 7.1.1;
						TestTargetID = BF7E5C0216D26B8300712F0D;
					};
				};
			};
			buildConfigurationList = BF7E5BFE16D26B8300712F0D /* Build configuration list for PBXProject "Sample" */;
			compatibilityVersion = "Xcode 3.2";
			developmentRegion = English;
			hasScannedForEncodings = 0;
			knownRegions = (
				en,
				Base,
			);
			mainGroup = BF7E5BFA16D26B8300712F0D;
			productRefGroup = BF7E5C0416D26B8300712F0D /* Products */;
			projectDirPath = "";
			projectRoot = "";
			targets = (
				BF7E5C0216D26B8300712F0D /* Sample */,
				542833A319CBE387009F8BF9 /* SampleMac */,
				54E825CE1C16A808006B284E /* SampleTests */,
				23282D5D205DB95600540193 /* IGVimeoExtractor */,
			);
		};
/* End PBXProject section */

/* Begin PBXResourcesBuildPhase section */
		23282D5C205DB95600540193 /* Resources */ = {
			isa = PBXResourcesBuildPhase;
			buildActionMask = 2147483647;
			files = (
			);
			runOnlyForDeploymentPostprocessing = 0;
		};
		542833A219CBE387009F8BF9 /* Resources */ = {
			isa = PBXResourcesBuildPhase;
			buildActionMask = 2147483647;
			files = (
				542833AE19CBE387009F8BF9 /* Images.xcassets in Resources */,
				542833B119CBE387009F8BF9 /* MainMenu.xib in Resources */,
			);
			runOnlyForDeploymentPostprocessing = 0;
		};
		54E825CD1C16A808006B284E /* Resources */ = {
			isa = PBXResourcesBuildPhase;
			buildActionMask = 2147483647;
			files = (
			);
			runOnlyForDeploymentPostprocessing = 0;
		};
		BF7E5C0116D26B8300712F0D /* Resources */ = {
			isa = PBXResourcesBuildPhase;
			buildActionMask = 2147483647;
			files = (
				BF7E5C1116D26B8300712F0D /* InfoPlist.strings in Resources */,
				BF7E5C1916D26B8300712F0D /* Default.png in Resources */,
				BF7E5C1B16D26B8300712F0D /* Default@2x.png in Resources */,
				BF7E5C1D16D26B8300712F0D /* Default-568h@2x.png in Resources */,
				BF7E5C2016D26B8300712F0D /* MainStoryboard_iPhone.storyboard in Resources */,
				BF7E5C2316D26B8300712F0D /* MainStoryboard_iPad.storyboard in Resources */,
			);
			runOnlyForDeploymentPostprocessing = 0;
		};
/* End PBXResourcesBuildPhase section */

/* Begin PBXSourcesBuildPhase section */
		23282D59205DB95600540193 /* Sources */ = {
			isa = PBXSourcesBuildPhase;
			buildActionMask = 2147483647;
			files = (
				23282D6C205DB96A00540193 /* IGVimeoExtractor.m in Sources */,
			);
			runOnlyForDeploymentPostprocessing = 0;
		};
		542833A019CBE387009F8BF9 /* Sources */ = {
			isa = PBXSourcesBuildPhase;
			buildActionMask = 2147483647;
			files = (
				54189DCF19D06C88008900CE /* IGVimeoExtractor.m in Sources */,
				542833AC19CBE387009F8BF9 /* main.m in Sources */,
				542833AA19CBE387009F8BF9 /* AppDelegate.m in Sources */,
			);
			runOnlyForDeploymentPostprocessing = 0;
		};
		54E825CB1C16A808006B284E /* Sources */ = {
			isa = PBXSourcesBuildPhase;
			buildActionMask = 2147483647;
			files = (
				54E825DA1C16A821006B284E /* IGVimeoExtractorTests.m in Sources */,
				54E825DB1C16A85A006B284E /* IGVimeoExtractor.m in Sources */,
			);
			runOnlyForDeploymentPostprocessing = 0;
		};
		BF7E5BFF16D26B8300712F0D /* Sources */ = {
			isa = PBXSourcesBuildPhase;
			buildActionMask = 2147483647;
			files = (
				BF7E5C1316D26B8300712F0D /* main.m in Sources */,
				54189DCE19D06C88008900CE /* IGVimeoExtractor.m in Sources */,
				BF7E5C1716D26B8300712F0D /* AppDelegate.m in Sources */,
				BF7E5C2616D26B8300712F0D /* ViewController.m in Sources */,
			);
			runOnlyForDeploymentPostprocessing = 0;
		};
/* End PBXSourcesBuildPhase section */

/* Begin PBXTargetDependency section */
		23282D64205DB95600540193 /* PBXTargetDependency */ = {
			isa = PBXTargetDependency;
			target = 23282D5D205DB95600540193 /* IGVimeoExtractor */;
			targetProxy = 23282D63205DB95600540193 /* PBXContainerItemProxy */;
		};
		54E825D51C16A808006B284E /* PBXTargetDependency */ = {
			isa = PBXTargetDependency;
			target = BF7E5C0216D26B8300712F0D /* Sample */;
			targetProxy = 54E825D41C16A808006B284E /* PBXContainerItemProxy */;
		};
/* End PBXTargetDependency section */

/* Begin PBXVariantGroup section */
		542833AF19CBE387009F8BF9 /* MainMenu.xib */ = {
			isa = PBXVariantGroup;
			children = (
				542833B019CBE387009F8BF9 /* Base */,
			);
			name = MainMenu.xib;
			sourceTree = "<group>";
		};
		BF7E5C0F16D26B8300712F0D /* InfoPlist.strings */ = {
			isa = PBXVariantGroup;
			children = (
				BF7E5C1016D26B8300712F0D /* en */,
			);
			name = InfoPlist.strings;
			sourceTree = "<group>";
		};
		BF7E5C1E16D26B8300712F0D /* MainStoryboard_iPhone.storyboard */ = {
			isa = PBXVariantGroup;
			children = (
				BF7E5C1F16D26B8300712F0D /* en */,
			);
			name = MainStoryboard_iPhone.storyboard;
			sourceTree = "<group>";
		};
		BF7E5C2116D26B8300712F0D /* MainStoryboard_iPad.storyboard */ = {
			isa = PBXVariantGroup;
			children = (
				BF7E5C2216D26B8300712F0D /* en */,
			);
			name = MainStoryboard_iPad.storyboard;
			sourceTree = "<group>";
		};
/* End PBXVariantGroup section */

/* Begin XCBuildConfiguration section */
		23282D67205DB95600540193 /* Debug */ = {
			isa = XCBuildConfiguration;
			buildSettings = {
				CLANG_ANALYZER_NONNULL = YES;
				CLANG_ANALYZER_NUMBER_OBJECT_CONVERSION = YES_AGGRESSIVE;
				CLANG_CXX_LANGUAGE_STANDARD = "gnu++14";
				CLANG_ENABLE_MODULES = YES;
				CLANG_WARN_BLOCK_CAPTURE_AUTORELEASING = YES;
				CLANG_WARN_BOOL_CONVERSION = YES;
				CLANG_WARN_COMMA = YES;
				CLANG_WARN_DIRECT_OBJC_ISA_USAGE = YES_ERROR;
				CLANG_WARN_DOCUMENTATION_COMMENTS = YES;
				CLANG_WARN_INFINITE_RECURSION = YES;
				CLANG_WARN_NON_LITERAL_NULL_CONVERSION = YES;
				CLANG_WARN_OBJC_LITERAL_CONVERSION = YES;
				CLANG_WARN_OBJC_ROOT_CLASS = YES_ERROR;
				CLANG_WARN_RANGE_LOOP_ANALYSIS = YES;
				CLANG_WARN_STRICT_PROTOTYPES = YES;
				CLANG_WARN_SUSPICIOUS_MOVE = YES;
				CLANG_WARN_UNGUARDED_AVAILABILITY = YES_AGGRESSIVE;
				CLANG_WARN_UNREACHABLE_CODE = YES;
				CODE_SIGN_IDENTITY = "iPhone Developer";
				CODE_SIGN_STYLE = Automatic;
				CURRENT_PROJECT_VERSION = 1;
				DEBUG_INFORMATION_FORMAT = dwarf;
				DEFINES_MODULE = YES;
				DYLIB_COMPATIBILITY_VERSION = 1;
				DYLIB_CURRENT_VERSION = 1;
				DYLIB_INSTALL_NAME_BASE = "@rpath";
				ENABLE_STRICT_OBJC_MSGSEND = YES;
				ENABLE_TESTABILITY = YES;
				GCC_C_LANGUAGE_STANDARD = gnu11;
				GCC_NO_COMMON_BLOCKS = YES;
				GCC_WARN_64_TO_32_BIT_CONVERSION = YES;
				GCC_WARN_ABOUT_RETURN_TYPE = YES_ERROR;
				GCC_WARN_UNDECLARED_SELECTOR = YES;
				GCC_WARN_UNINITIALIZED_AUTOS = YES_AGGRESSIVE;
				GCC_WARN_UNUSED_FUNCTION = YES;
				INFOPLIST_FILE = IGVimeoExtractor/Info.plist;
				INSTALL_PATH = "$(LOCAL_LIBRARY_DIR)/Frameworks";
				IPHONEOS_DEPLOYMENT_TARGET = 11.2;
				LD_RUNPATH_SEARCH_PATHS = "$(inherited) @executable_path/Frameworks @loader_path/Frameworks";
				MTL_ENABLE_DEBUG_INFO = YES;
				PRODUCT_BUNDLE_IDENTIFIER = com.insanj.IGVimeoExtractor;
				PRODUCT_NAME = "$(TARGET_NAME:c99extidentifier)";
				SKIP_INSTALL = YES;
				TARGETED_DEVICE_FAMILY = "1,2";
				VERSIONING_SYSTEM = "apple-generic";
				VERSION_INFO_PREFIX = "";
			};
			name = Debug;
		};
		23282D68205DB95600540193 /* Release */ = {
			isa = XCBuildConfiguration;
			buildSettings = {
				CLANG_ANALYZER_NONNULL = YES;
				CLANG_ANALYZER_NUMBER_OBJECT_CONVERSION = YES_AGGRESSIVE;
				CLANG_CXX_LANGUAGE_STANDARD = "gnu++14";
				CLANG_ENABLE_MODULES = YES;
				CLANG_WARN_BLOCK_CAPTURE_AUTORELEASING = YES;
				CLANG_WARN_BOOL_CONVERSION = YES;
				CLANG_WARN_COMMA = YES;
				CLANG_WARN_DIRECT_OBJC_ISA_USAGE = YES_ERROR;
				CLANG_WARN_DOCUMENTATION_COMMENTS = YES;
				CLANG_WARN_INFINITE_RECURSION = YES;
				CLANG_WARN_NON_LITERAL_NULL_CONVERSION = YES;
				CLANG_WARN_OBJC_LITERAL_CONVERSION = YES;
				CLANG_WARN_OBJC_ROOT_CLASS = YES_ERROR;
				CLANG_WARN_RANGE_LOOP_ANALYSIS = YES;
				CLANG_WARN_STRICT_PROTOTYPES = YES;
				CLANG_WARN_SUSPICIOUS_MOVE = YES;
				CLANG_WARN_UNGUARDED_AVAILABILITY = YES_AGGRESSIVE;
				CLANG_WARN_UNREACHABLE_CODE = YES;
				CODE_SIGN_IDENTITY = "iPhone Developer";
				CODE_SIGN_STYLE = Automatic;
				COPY_PHASE_STRIP = NO;
				CURRENT_PROJECT_VERSION = 1;
				DEBUG_INFORMATION_FORMAT = "dwarf-with-dsym";
				DEFINES_MODULE = YES;
				DYLIB_COMPATIBILITY_VERSION = 1;
				DYLIB_CURRENT_VERSION = 1;
				DYLIB_INSTALL_NAME_BASE = "@rpath";
				ENABLE_NS_ASSERTIONS = NO;
				ENABLE_STRICT_OBJC_MSGSEND = YES;
				GCC_C_LANGUAGE_STANDARD = gnu11;
				GCC_NO_COMMON_BLOCKS = YES;
				GCC_WARN_64_TO_32_BIT_CONVERSION = YES;
				GCC_WARN_ABOUT_RETURN_TYPE = YES_ERROR;
				GCC_WARN_UNDECLARED_SELECTOR = YES;
				GCC_WARN_UNINITIALIZED_AUTOS = YES_AGGRESSIVE;
				GCC_WARN_UNUSED_FUNCTION = YES;
				INFOPLIST_FILE = IGVimeoExtractor/Info.plist;
				INSTALL_PATH = "$(LOCAL_LIBRARY_DIR)/Frameworks";
				IPHONEOS_DEPLOYMENT_TARGET = 11.2;
				LD_RUNPATH_SEARCH_PATHS = "$(inherited) @executable_path/Frameworks @loader_path/Frameworks";
				MTL_ENABLE_DEBUG_INFO = NO;
				PRODUCT_BUNDLE_IDENTIFIER = com.insanj.IGVimeoExtractor;
				PRODUCT_NAME = "$(TARGET_NAME:c99extidentifier)";
				SKIP_INSTALL = YES;
				TARGETED_DEVICE_FAMILY = "1,2";
				VERSIONING_SYSTEM = "apple-generic";
				VERSION_INFO_PREFIX = "";
			};
			name = Release;
		};
		542833BE19CBE387009F8BF9 /* Debug */ = {
			isa = XCBuildConfiguration;
			buildSettings = {
				ASSETCATALOG_COMPILER_APPICON_NAME = AppIcon;
				CLANG_ENABLE_MODULES = YES;
				CLANG_WARN_BOOL_CONVERSION = YES;
				CLANG_WARN_DIRECT_OBJC_ISA_USAGE = YES_ERROR;
				CLANG_WARN_OBJC_ROOT_CLASS = YES_ERROR;
				CLANG_WARN_UNREACHABLE_CODE = YES;
				CODE_SIGN_IDENTITY = "-";
				COMBINE_HIDPI_IMAGES = YES;
				ENABLE_STRICT_OBJC_MSGSEND = YES;
				GCC_PREPROCESSOR_DEFINITIONS = (
					"DEBUG=1",
					"$(inherited)",
				);
				GCC_WARN_64_TO_32_BIT_CONVERSION = YES;
				GCC_WARN_ABOUT_RETURN_TYPE = YES_ERROR;
				GCC_WARN_UNDECLARED_SELECTOR = YES;
				GCC_WARN_UNINITIALIZED_AUTOS = YES_AGGRESSIVE;
				GCC_WARN_UNUSED_FUNCTION = YES;
				INFOPLIST_FILE = SampleMac/Info.plist;
				LD_RUNPATH_SEARCH_PATHS = "$(inherited) @executable_path/../Frameworks";
				MACOSX_DEPLOYMENT_TARGET = 10.9;
				MTL_ENABLE_DEBUG_INFO = YES;
				PRODUCT_NAME = "$(TARGET_NAME)";
				SDKROOT = macosx;
			};
			name = Debug;
		};
		542833BF19CBE387009F8BF9 /* Release */ = {
			isa = XCBuildConfiguration;
			buildSettings = {
				ASSETCATALOG_COMPILER_APPICON_NAME = AppIcon;
				CLANG_ENABLE_MODULES = YES;
				CLANG_WARN_BOOL_CONVERSION = YES;
				CLANG_WARN_DIRECT_OBJC_ISA_USAGE = YES_ERROR;
				CLANG_WARN_OBJC_ROOT_CLASS = YES_ERROR;
				CLANG_WARN_UNREACHABLE_CODE = YES;
				CODE_SIGN_IDENTITY = "-";
				COMBINE_HIDPI_IMAGES = YES;
				DEBUG_INFORMATION_FORMAT = "dwarf-with-dsym";
				ENABLE_NS_ASSERTIONS = NO;
				ENABLE_STRICT_OBJC_MSGSEND = YES;
				GCC_WARN_64_TO_32_BIT_CONVERSION = YES;
				GCC_WARN_ABOUT_RETURN_TYPE = YES_ERROR;
				GCC_WARN_UNDECLARED_SELECTOR = YES;
				GCC_WARN_UNINITIALIZED_AUTOS = YES_AGGRESSIVE;
				GCC_WARN_UNUSED_FUNCTION = YES;
				INFOPLIST_FILE = SampleMac/Info.plist;
				LD_RUNPATH_SEARCH_PATHS = "$(inherited) @executable_path/../Frameworks";
				MACOSX_DEPLOYMENT_TARGET = 10.9;
				MTL_ENABLE_DEBUG_INFO = NO;
				PRODUCT_NAME = "$(TARGET_NAME)";
				SDKROOT = macosx;
			};
			name = Release;
		};
		54E825D71C16A808006B284E /* Debug */ = {
			isa = XCBuildConfiguration;
			buildSettings = {
				BUNDLE_LOADER = "$(TEST_HOST)";
				CLANG_ENABLE_MODULES = YES;
				CLANG_WARN_BOOL_CONVERSION = YES;
				CLANG_WARN_DIRECT_OBJC_ISA_USAGE = YES_ERROR;
				CLANG_WARN_OBJC_ROOT_CLASS = YES_ERROR;
				CLANG_WARN_UNREACHABLE_CODE = YES;
				DEBUG_INFORMATION_FORMAT = dwarf;
				ENABLE_STRICT_OBJC_MSGSEND = YES;
				ENABLE_TESTABILITY = YES;
				GCC_NO_COMMON_BLOCKS = YES;
				GCC_WARN_64_TO_32_BIT_CONVERSION = YES;
				GCC_WARN_ABOUT_RETURN_TYPE = YES_ERROR;
				GCC_WARN_UNDECLARED_SELECTOR = YES;
				GCC_WARN_UNINITIALIZED_AUTOS = YES_AGGRESSIVE;
				GCC_WARN_UNUSED_FUNCTION = YES;
				INFOPLIST_FILE = SampleTests/Info.plist;
				IPHONEOS_DEPLOYMENT_TARGET = 9.1;
				LD_RUNPATH_SEARCH_PATHS = "$(inherited) @executable_path/Frameworks @loader_path/Frameworks";
				MTL_ENABLE_DEBUG_INFO = YES;
				PRODUCT_BUNDLE_IDENTIFIER = hk.ignition.SampleTests;
				PRODUCT_NAME = "$(TARGET_NAME)";
				SWIFT_OPTIMIZATION_LEVEL = "-Onone";
				TEST_HOST = "$(BUILT_PRODUCTS_DIR)/Sample.app/Sample";
			};
			name = Debug;
		};
		54E825D81C16A808006B284E /* Release */ = {
			isa = XCBuildConfiguration;
			buildSettings = {
				BUNDLE_LOADER = "$(TEST_HOST)";
				CLANG_ENABLE_MODULES = YES;
				CLANG_WARN_BOOL_CONVERSION = YES;
				CLANG_WARN_DIRECT_OBJC_ISA_USAGE = YES_ERROR;
				CLANG_WARN_OBJC_ROOT_CLASS = YES_ERROR;
				CLANG_WARN_UNREACHABLE_CODE = YES;
				COPY_PHASE_STRIP = NO;
				DEBUG_INFORMATION_FORMAT = "dwarf-with-dsym";
				ENABLE_NS_ASSERTIONS = NO;
				ENABLE_STRICT_OBJC_MSGSEND = YES;
				GCC_NO_COMMON_BLOCKS = YES;
				GCC_WARN_64_TO_32_BIT_CONVERSION = YES;
				GCC_WARN_ABOUT_RETURN_TYPE = YES_ERROR;
				GCC_WARN_UNDECLARED_SELECTOR = YES;
				GCC_WARN_UNINITIALIZED_AUTOS = YES_AGGRESSIVE;
				GCC_WARN_UNUSED_FUNCTION = YES;
				INFOPLIST_FILE = SampleTests/Info.plist;
				IPHONEOS_DEPLOYMENT_TARGET = 9.1;
				LD_RUNPATH_SEARCH_PATHS = "$(inherited) @executable_path/Frameworks @loader_path/Frameworks";
				MTL_ENABLE_DEBUG_INFO = NO;
				PRODUCT_BUNDLE_IDENTIFIER = hk.ignition.SampleTests;
				PRODUCT_NAME = "$(TARGET_NAME)";
				TEST_HOST = "$(BUILT_PRODUCTS_DIR)/Sample.app/Sample";
			};
			name = Release;
		};
		BF7E5C2716D26B8300712F0D /* Debug */ = {
			isa = XCBuildConfiguration;
			buildSettings = {
				ALWAYS_SEARCH_USER_PATHS = NO;
				CLANG_CXX_LANGUAGE_STANDARD = "gnu++0x";
				CLANG_CXX_LIBRARY = "libc++";
				CLANG_ENABLE_OBJC_ARC = YES;
				CLANG_WARN_CONSTANT_CONVERSION = YES;
				CLANG_WARN_EMPTY_BODY = YES;
				CLANG_WARN_ENUM_CONVERSION = YES;
				CLANG_WARN_INT_CONVERSION = YES;
				CLANG_WARN__DUPLICATE_METHOD_MATCH = YES;
				"CODE_SIGN_IDENTITY[sdk=iphoneos*]" = "iPhone Developer";
				COPY_PHASE_STRIP = NO;
				GCC_C_LANGUAGE_STANDARD = gnu99;
				GCC_DYNAMIC_NO_PIC = NO;
				GCC_OPTIMIZATION_LEVEL = 0;
				GCC_PREPROCESSOR_DEFINITIONS = (
					"DEBUG=1",
					"$(inherited)",
				);
				GCC_SYMBOLS_PRIVATE_EXTERN = NO;
				GCC_WARN_ABOUT_RETURN_TYPE = YES;
				GCC_WARN_UNINITIALIZED_AUTOS = YES;
				GCC_WARN_UNUSED_VARIABLE = YES;
				IPHONEOS_DEPLOYMENT_TARGET = 6.1;
				ONLY_ACTIVE_ARCH = YES;
				SDKROOT = iphoneos;
				TARGETED_DEVICE_FAMILY = "1,2";
			};
			name = Debug;
		};
		BF7E5C2816D26B8300712F0D /* Release */ = {
			isa = XCBuildConfiguration;
			buildSettings = {
				ALWAYS_SEARCH_USER_PATHS = NO;
				CLANG_CXX_LANGUAGE_STANDARD = "gnu++0x";
				CLANG_CXX_LIBRARY = "libc++";
				CLANG_ENABLE_OBJC_ARC = YES;
				CLANG_WARN_CONSTANT_CONVERSION = YES;
				CLANG_WARN_EMPTY_BODY = YES;
				CLANG_WARN_ENUM_CONVERSION = YES;
				CLANG_WARN_INT_CONVERSION = YES;
				CLANG_WARN__DUPLICATE_METHOD_MATCH = YES;
				"CODE_SIGN_IDENTITY[sdk=iphoneos*]" = "iPhone Developer";
				COPY_PHASE_STRIP = YES;
				GCC_C_LANGUAGE_STANDARD = gnu99;
				GCC_WARN_ABOUT_RETURN_TYPE = YES;
				GCC_WARN_UNINITIALIZED_AUTOS = YES;
				GCC_WARN_UNUSED_VARIABLE = YES;
				IPHONEOS_DEPLOYMENT_TARGET = 6.1;
				OTHER_CFLAGS = "-DNS_BLOCK_ASSERTIONS=1";
				SDKROOT = iphoneos;
				TARGETED_DEVICE_FAMILY = "1,2";
				VALIDATE_PRODUCT = YES;
			};
			name = Release;
		};
		BF7E5C2A16D26B8300712F0D /* Debug */ = {
			isa = XCBuildConfiguration;
			buildSettings = {
				CODE_SIGN_IDENTITY = "iPhone Developer";
				GCC_PRECOMPILE_PREFIX_HEADER = YES;
				GCC_PREFIX_HEADER = "Sample/Sample-Prefix.pch";
				INFOPLIST_FILE = "Sample/Sample-Info.plist";
				IPHONEOS_DEPLOYMENT_TARGET = 5.0;
				LD_RUNPATH_SEARCH_PATHS = "$(inherited) @executable_path/Frameworks";
				PRODUCT_NAME = "$(TARGET_NAME)";
				TARGETED_DEVICE_FAMILY = "1,2";
				WRAPPER_EXTENSION = app;
			};
			name = Debug;
		};
		BF7E5C2B16D26B8300712F0D /* Release */ = {
			isa = XCBuildConfiguration;
			buildSettings = {
				CODE_SIGN_IDENTITY = "iPhone Developer";
				GCC_PRECOMPILE_PREFIX_HEADER = YES;
				GCC_PREFIX_HEADER = "Sample/Sample-Prefix.pch";
				INFOPLIST_FILE = "Sample/Sample-Info.plist";
				IPHONEOS_DEPLOYMENT_TARGET = 5.0;
				LD_RUNPATH_SEARCH_PATHS = "$(inherited) @executable_path/Frameworks";
				PRODUCT_NAME = "$(TARGET_NAME)";
				TARGETED_DEVICE_FAMILY = "1,2";
				WRAPPER_EXTENSION = app;
			};
			name = Release;
		};
/* End XCBuildConfiguration section */

/* Begin XCConfigurationList section */
		23282D69205DB95600540193 /* Build configuration list for PBXNativeTarget "IGVimeoExtractor" */ = {
			isa = XCConfigurationList;
			buildConfigurations = (
				23282D67205DB95600540193 /* Debug */,
				23282D68205DB95600540193 /* Release */,
			);
			defaultConfigurationIsVisible = 0;
			defaultConfigurationName = Release;
		};
		542833C219CBE387009F8BF9 /* Build configuration list for PBXNativeTarget "SampleMac" */ = {
			isa = XCConfigurationList;
			buildConfigurations = (
				542833BE19CBE387009F8BF9 /* Debug */,
				542833BF19CBE387009F8BF9 /* Release */,
			);
			defaultConfigurationIsVisible = 0;
			defaultConfigurationName = Release;
		};
		54E825D61C16A808006B284E /* Build configuration list for PBXNativeTarget "SampleTests" */ = {
			isa = XCConfigurationList;
			buildConfigurations = (
				54E825D71C16A808006B284E /* Debug */,
				54E825D81C16A808006B284E /* Release */,
			);
			defaultConfigurationIsVisible = 0;
			defaultConfigurationName = Release;
		};
		BF7E5BFE16D26B8300712F0D /* Build configuration list for PBXProject "Sample" */ = {
			isa = XCConfigurationList;
			buildConfigurations = (
				BF7E5C2716D26B8300712F0D /* Debug */,
				BF7E5C2816D26B8300712F0D /* Release */,
			);
			defaultConfigurationIsVisible = 0;
			defaultConfigurationName = Release;
		};
		BF7E5C2916D26B8300712F0D /* Build configuration list for PBXNativeTarget "Sample" */ = {
			isa = XCConfigurationList;
			buildConfigurations = (
				BF7E5C2A16D26B8300712F0D /* Debug */,
				BF7E5C2B16D26B8300712F0D /* Release */,
			);
			defaultConfigurationIsVisible = 0;
			defaultConfigurationName = Release;
		};
/* End XCConfigurationList section */
	};
	rootObject = BF7E5BFB16D26B8300712F0D /* Project object */;
}
